
Microsoft Visual Studio Solution File, Format Version 12.00
# Visual Studio Version 17
VisualStudioVersion = 17.8.34525.116
MinimumVisualStudioVersion = 10.0.40219.1
Project("{9A19103F-16F7-4668-BE54-9A1E7A4F7556}") = "Sem2Lab4", "RELaba4Sem2\Sem2Lab4.csproj", "{932AC6EB-B13D-49F4-9490-5C97E274245C}"
EndProject
Project("{9A19103F-16F7-4668-BE54-9A1E7A4F7556}") = "Logic", "Logic\Logic.csproj", "{83A040A6-BF5D-4C7F-BA97-6A76BCB3B5E5}"
EndProject
Global
	GlobalSection(SolutionConfigurationPlatforms) = preSolution
		Debug|Any CPU = Debug|Any CPU
		Release|Any CPU = Release|Any CPU
	EndGlobalSection
	GlobalSection(ProjectConfigurationPlatforms) = postSolution
		{932AC6EB-B13D-49F4-9490-5C97E274245C}.Debug|Any CPU.ActiveCfg = Debug|Any CPU
		{932AC6EB-B13D-49F4-9490-5C97E274245C}.Debug|Any CPU.Build.0 = Debug|Any CPU
		{932AC6EB-B13D-49F4-9490-5C97E274245C}.Release|Any CPU.ActiveCfg = Release|Any CPU
		{932AC6EB-B13D-49F4-9490-5C97E274245C}.Release|Any CPU.Build.0 = Release|Any CPU
		{83A040A6-BF5D-4C7F-BA97-6A76BCB3B5E5}.Debug|Any CPU.ActiveCfg = Debug|Any CPU
		{83A040A6-BF5D-4C7F-BA97-6A76BCB3B5E5}.Debug|Any CPU.Build.0 = Debug|Any CPU
		{83A040A6-BF5D-4C7F-BA97-6A76BCB3B5E5}.Release|Any CPU.ActiveCfg = Release|Any CPU
		{83A040A6-BF5D-4C7F-BA97-6A76BCB3B5E5}.Release|Any CPU.Build.0 = Release|Any CPU
	EndGlobalSection
	GlobalSection(SolutionProperties) = preSolution
		HideSolutionNode = FALSE
	EndGlobalSection
	GlobalSection(ExtensibilityGlobals) = postSolution
		SolutionGuid = {E8C7BB05-BF21-470F-8D14-622682F9055F}
	EndGlobalSection
EndGlobal
